// !$*UTF8*$!
{
	archiveVersion = 1;
	classes = {
	};
	objectVersion = 46;
	objects = {

/* Begin PBXBuildFile section */
		C3EBDF85186A5E3E003204F3 /* Foundation.framework in Frameworks */ = {isa = PBXBuildFile; fileRef = C3EBDF84186A5E3E003204F3 /* Foundation.framework */; };
		C3EBDF87186A5E3E003204F3 /* CoreGraphics.framework in Frameworks */ = {isa = PBXBuildFile; fileRef = C3EBDF86186A5E3E003204F3 /* CoreGraphics.framework */; };
		C3EBDF89186A5E3E003204F3 /* UIKit.framework in Frameworks */ = {isa = PBXBuildFile; fileRef = C3EBDF88186A5E3E003204F3 /* UIKit.framework */; };
		C3EBDF8F186A5E3E003204F3 /* InfoPlist.strings in Resources */ = {isa = PBXBuildFile; fileRef = C3EBDF8D186A5E3E003204F3 /* InfoPlist.strings */; };
		C3EBDF91186A5E3E003204F3 /* main.m in Sources */ = {isa = PBXBuildFile; fileRef = C3EBDF90186A5E3E003204F3 /* main.m */; };
		C3EBDF95186A5E3E003204F3 /* AppDelegate.m in Sources */ = {isa = PBXBuildFile; fileRef = C3EBDF94186A5E3E003204F3 /* AppDelegate.m */; };
		C3EBDF98186A5E3E003204F3 /* Main.storyboard in Resources */ = {isa = PBXBuildFile; fileRef = C3EBDF96186A5E3E003204F3 /* Main.storyboard */; };
		C3EBDF9B186A5E3E003204F3 /* ViewController.m in Sources */ = {isa = PBXBuildFile; fileRef = C3EBDF9A186A5E3E003204F3 /* ViewController.m */; };
		C3EBDF9D186A5E3E003204F3 /* Images.xcassets in Resources */ = {isa = PBXBuildFile; fileRef = C3EBDF9C186A5E3E003204F3 /* Images.xcassets */; };
		C3EBDFA4186A5E3E003204F3 /* XCTest.framework in Frameworks */ = {isa = PBXBuildFile; fileRef = C3EBDFA3186A5E3E003204F3 /* XCTest.framework */; };
		C3EBDFA5186A5E3E003204F3 /* Foundation.framework in Frameworks */ = {isa = PBXBuildFile; fileRef = C3EBDF84186A5E3E003204F3 /* Foundation.framework */; };
		C3EBDFA6186A5E3E003204F3 /* UIKit.framework in Frameworks */ = {isa = PBXBuildFile; fileRef = C3EBDF88186A5E3E003204F3 /* UIKit.framework */; };
		C3EBDFAE186A5E3E003204F3 /* InfoPlist.strings in Resources */ = {isa = PBXBuildFile; fileRef = C3EBDFAC186A5E3E003204F3 /* InfoPlist.strings */; };
		C3EBDFB0186A5E3E003204F3 /* PrinceMapTests.m in Sources */ = {isa = PBXBuildFile; fileRef = C3EBDFAF186A5E3E003204F3 /* PrinceMapTests.m */; };
/* End PBXBuildFile section */

/* Begin PBXContainerItemProxy section */
		C3EBDFA7186A5E3E003204F3 /* PBXContainerItemProxy */ = {
			isa = PBXContainerItemProxy;
			containerPortal = C3EBDF79186A5E3E003204F3 /* Project object */;
			proxyType = 1;
			remoteGlobalIDString = C3EBDF80186A5E3E003204F3;
			remoteInfo = PrinceMap;
		};
/* End PBXContainerItemProxy section */

/* Begin PBXFileReference section */
		C3EBDF81186A5E3E003204F3 /* PrinceMap.app */ = {isa = PBXFileReference; explicitFileType = wrapper.application; includeInIndex = 0; path = PrinceMap.app; sourceTree = BUILT_PRODUCTS_DIR; };
		C3EBDF84186A5E3E003204F3 /* Foundation.framework */ = {isa = PBXFileReference; lastKnownFileType = wrapper.framework; name = Foundation.framework; path = System/Library/Frameworks/Foundation.framework; sourceTree = SDKROOT; };
		C3EBDF86186A5E3E003204F3 /* CoreGraphics.framework */ = {isa = PBXFileReference; lastKnownFileType = wrapper.framework; name = CoreGraphics.framework; path = System/Library/Frameworks/CoreGraphics.framework; sourceTree = SDKROOT; };
		C3EBDF88186A5E3E003204F3 /* UIKit.framework */ = {isa = PBXFileReference; lastKnownFileType = wrapper.framework; name = UIKit.framework; path = System/Library/Frameworks/UIKit.framework; sourceTree = SDKROOT; };
		C3EBDF8C186A5E3E003204F3 /* PrinceMap-Info.plist */ = {isa = PBXFileReference; lastKnownFileType = text.plist.xml; path = "PrinceMap-Info.plist"; sourceTree = "<group>"; };
		C3EBDF8E186A5E3E003204F3 /* en */ = {isa = PBXFileReference; lastKnownFileType = text.plist.strings; name = en; path = en.lproj/InfoPlist.strings; sourceTree = "<group>"; };
		C3EBDF90186A5E3E003204F3 /* main.m */ = {isa = PBXFileReference; lastKnownFileType = sourcecode.c.objc; path = main.m; sourceTree = "<group>"; };
		C3EBDF92186A5E3E003204F3 /* PrinceMap-Prefix.pch */ = {isa = PBXFileReference; lastKnownFileType = sourcecode.c.h; path = "PrinceMap-Prefix.pch"; sourceTree = "<group>"; };
		C3EBDF93186A5E3E003204F3 /* AppDelegate.h */ = {isa = PBXFileReference; lastKnownFileType = sourcecode.c.h; path = AppDelegate.h; sourceTree = "<group>"; };
		C3EBDF94186A5E3E003204F3 /* AppDelegate.m */ = {isa = PBXFileReference; lastKnownFileType = sourcecode.c.objc; path = AppDelegate.m; sourceTree = "<group>"; };
		C3EBDF97186A5E3E003204F3 /* Base */ = {isa = PBXFileReference; lastKnownFileType = file.storyboard; name = Base; path = Base.lproj/Main.storyboard; sourceTree = "<group>"; };
		C3EBDF99186A5E3E003204F3 /* ViewController.h */ = {isa = PBXFileReference; lastKnownFileType = sourcecode.c.h; path = ViewController.h; sourceTree = "<group>"; };
		C3EBDF9A186A5E3E003204F3 /* ViewController.m */ = {isa = PBXFileReference; lastKnownFileType = sourcecode.c.objc; path = ViewController.m; sourceTree = "<group>"; };
		C3EBDF9C186A5E3E003204F3 /* Images.xcassets */ = {isa = PBXFileReference; lastKnownFileType = folder.assetcatalog; path = Images.xcassets; sourceTree = "<group>"; };
		C3EBDFA2186A5E3E003204F3 /* PrinceMapTests.xctest */ = {isa = PBXFileReference; explicitFileType = wrapper.cfbundle; includeInIndex = 0; path = PrinceMapTests.xctest; sourceTree = BUILT_PRODUCTS_DIR; };
		C3EBDFA3186A5E3E003204F3 /* XCTest.framework */ = {isa = PBXFileReference; lastKnownFileType = wrapper.framework; name = XCTest.framework; path = Library/Frameworks/XCTest.framework; sourceTree = DEVELOPER_DIR; };
		C3EBDFAB186A5E3E003204F3 /* PrinceMapTests-Info.plist */ = {isa = PBXFileReference; lastKnownFileType = text.plist.xml; path = "PrinceMapTests-Info.plist"; sourceTree = "<group>"; };
		C3EBDFAD186A5E3E003204F3 /* en */ = {isa = PBXFileReference; lastKnownFileType = text.plist.strings; name = en; path = en.lproj/InfoPlist.strings; sourceTree = "<group>"; };
		C3EBDFAF186A5E3E003204F3 /* PrinceMapTests.m */ = {isa = PBXFileReference; lastKnownFileType = sourcecode.c.objc; path = PrinceMapTests.m; sourceTree = "<group>"; };
/* End PBXFileReference section */

/* Begin PBXFrameworksBuildPhase section */
		C3EBDF7E186A5E3E003204F3 /* Frameworks */ = {
			isa = PBXFrameworksBuildPhase;
			buildActionMask = 2147483647;
			files = (
				C3EBDF87186A5E3E003204F3 /* CoreGraphics.framework in Frameworks */,
				C3EBDF89186A5E3E003204F3 /* UIKit.framework in Frameworks */,
				C3EBDF85186A5E3E003204F3 /* Foundation.framework in Frameworks */,
			);
			runOnlyForDeploymentPostprocessing = 0;
		};
		C3EBDF9F186A5E3E003204F3 /* Frameworks */ = {
			isa = PBXFrameworksBuildPhase;
			buildActionMask = 2147483647;
			files = (
				C3EBDFA4186A5E3E003204F3 /* XCTest.framework in Frameworks */,
				C3EBDFA6186A5E3E003204F3 /* UIKit.framework in Frameworks */,
				C3EBDFA5186A5E3E003204F3 /* Foundation.framework in Frameworks */,
			);
			runOnlyForDeploymentPostprocessing = 0;
		};
/* End PBXFrameworksBuildPhase section */

/* Begin PBXGroup section */
		C3EBDF78186A5E3E003204F3 = {
			isa = PBXGroup;
			children = (
				C3EBDF8A186A5E3E003204F3 /* PrinceMap */,
				C3EBDFA9186A5E3E003204F3 /* PrinceMapTests */,
				C3EBDF83186A5E3E003204F3 /* Frameworks */,
				C3EBDF82186A5E3E003204F3 /* Products */,
			);
			sourceTree = "<group>";
		};
		C3EBDF82186A5E3E003204F3 /* Products */ = {
			isa = PBXGroup;
			children = (
				C3EBDF81186A5E3E003204F3 /* PrinceMap.app */,
				C3EBDFA2186A5E3E003204F3 /* PrinceMapTests.xctest */,
			);
			name = Products;
			sourceTree = "<group>";
		};
		C3EBDF83186A5E3E003204F3 /* Frameworks */ = {
			isa = PBXGroup;
			children = (
				C3EBDF84186A5E3E003204F3 /* Foundation.framework */,
				C3EBDF86186A5E3E003204F3 /* CoreGraphics.framework */,
				C3EBDF88186A5E3E003204F3 /* UIKit.framework */,
				C3EBDFA3186A5E3E003204F3 /* XCTest.framework */,
			);
			name = Frameworks;
			sourceTree = "<group>";
		};
		C3EBDF8A186A5E3E003204F3 /* PrinceMap */ = {
			isa = PBXGroup;
			children = (
				C3EBDF93186A5E3E003204F3 /* AppDelegate.h */,
				C3EBDF94186A5E3E003204F3 /* AppDelegate.m */,
				C3EBDF96186A5E3E003204F3 /* Main.storyboard */,
				C3EBDF99186A5E3E003204F3 /* ViewController.h */,
				C3EBDF9A186A5E3E003204F3 /* ViewController.m */,
				C3EBDF9C186A5E3E003204F3 /* Images.xcassets */,
				C3EBDF8B186A5E3E003204F3 /* Supporting Files */,
			);
			path = PrinceMap;
			sourceTree = "<group>";
		};
		C3EBDF8B186A5E3E003204F3 /* Supporting Files */ = {
			isa = PBXGroup;
			children = (
				C3EBDF8C186A5E3E003204F3 /* PrinceMap-Info.plist */,
				C3EBDF8D186A5E3E003204F3 /* InfoPlist.strings */,
				C3EBDF90186A5E3E003204F3 /* main.m */,
				C3EBDF92186A5E3E003204F3 /* PrinceMap-Prefix.pch */,
			);
			name = "Supporting Files";
			sourceTree = "<group>";
		};
		C3EBDFA9186A5E3E003204F3 /* PrinceMapTests */ = {
			isa = PBXGroup;
			children = (
				C3EBDFAF186A5E3E003204F3 /* PrinceMapTests.m */,
				C3EBDFAA186A5E3E003204F3 /* Supporting Files */,
			);
			path = PrinceMapTests;
			sourceTree = "<group>";
		};
		C3EBDFAA186A5E3E003204F3 /* Supporting Files */ = {
			isa = PBXGroup;
			children = (
				C3EBDFAB186A5E3E003204F3 /* PrinceMapTests-Info.plist */,
				C3EBDFAC186A5E3E003204F3 /* InfoPlist.strings */,
			);
			name = "Supporting Files";
			sourceTree = "<group>";
		};
/* End PBXGroup section */

/* Begin PBXNativeTarget section */
		C3EBDF80186A5E3E003204F3 /* PrinceMap */ = {
			isa = PBXNativeTarget;
			buildConfigurationList = C3EBDFB3186A5E3E003204F3 /* Build configuration list for PBXNativeTarget "PrinceMap" */;
			buildPhases = (
				C3EBDF7D186A5E3E003204F3 /* Sources */,
				C3EBDF7E186A5E3E003204F3 /* Frameworks */,
				C3EBDF7F186A5E3E003204F3 /* Resources */,
			);
			buildRules = (
			);
			dependencies = (
			);
			name = PrinceMap;
			productName = PrinceMap;
			productReference = C3EBDF81186A5E3E003204F3 /* PrinceMap.app */;
			productType = "com.apple.product-type.application";
		};
		C3EBDFA1186A5E3E003204F3 /* PrinceMapTests */ = {
			isa = PBXNativeTarget;
			buildConfigurationList = C3EBDFB6186A5E3E003204F3 /* Build configuration list for PBXNativeTarget "PrinceMapTests" */;
			buildPhases = (
				C3EBDF9E186A5E3E003204F3 /* Sources */,
				C3EBDF9F186A5E3E003204F3 /* Frameworks */,
				C3EBDFA0186A5E3E003204F3 /* Resources */,
			);
			buildRules = (
			);
			dependencies = (
				C3EBDFA8186A5E3E003204F3 /* PBXTargetDependency */,
			);
			name = PrinceMapTests;
			productName = PrinceMapTests;
			productReference = C3EBDFA2186A5E3E003204F3 /* PrinceMapTests.xctest */;
			productType = "com.apple.product-type.bundle.unit-test";
		};
/* End PBXNativeTarget section */

/* Begin PBXProject section */
		C3EBDF79186A5E3E003204F3 /* Project object */ = {
			isa = PBXProject;
			attributes = {
				LastUpgradeCheck = 0500;
				ORGANIZATIONNAME = "Prince Housing & Development Corp.";
				TargetAttributes = {
					C3EBDFA1186A5E3E003204F3 = {
						TestTargetID = C3EBDF80186A5E3E003204F3;
					};
				};
			};
			buildConfigurationList = C3EBDF7C186A5E3E003204F3 /* Build configuration list for PBXProject "PrinceMap" */;
			compatibilityVersion = "Xcode 3.2";
			developmentRegion = English;
			hasScannedForEncodings = 0;
			knownRegions = (
				en,
				Base,
			);
			mainGroup = C3EBDF78186A5E3E003204F3;
			productRefGroup = C3EBDF82186A5E3E003204F3 /* Products */;
			projectDirPath = "";
			projectRoot = "";
			targets = (
				C3EBDF80186A5E3E003204F3 /* PrinceMap */,
				C3EBDFA1186A5E3E003204F3 /* PrinceMapTests */,
			);
		};
/* End PBXProject section */

/* Begin PBXResourcesBuildPhase section */
		C3EBDF7F186A5E3E003204F3 /* Resources */ = {
			isa = PBXResourcesBuildPhase;
			buildActionMask = 2147483647;
			files = (
				C3EBDF9D186A5E3E003204F3 /* Images.xcassets in Resources */,
				C3EBDF8F186A5E3E003204F3 /* InfoPlist.strings in Resources */,
				C3EBDF98186A5E3E003204F3 /* Main.storyboard in Resources */,
			);
			runOnlyForDeploymentPostprocessing = 0;
		};
		C3EBDFA0186A5E3E003204F3 /* Resources */ = {
			isa = PBXResourcesBuildPhase;
			buildActionMask = 2147483647;
			files = (
				C3EBDFAE186A5E3E003204F3 /* InfoPlist.strings in Resources */,
			);
			runOnlyForDeploymentPostprocessing = 0;
		};
/* End PBXResourcesBuildPhase section */

/* Begin PBXSourcesBuildPhase section */
		C3EBDF7D186A5E3E003204F3 /* Sources */ = {
			isa = PBXSourcesBuildPhase;
			buildActionMask = 2147483647;
			files = (
				C3EBDF9B186A5E3E003204F3 /* ViewController.m in Sources */,
				C3EBDF95186A5E3E003204F3 /* AppDelegate.m in Sources */,
				C3EBDF91186A5E3E003204F3 /* main.m in Sources */,
			);
			runOnlyForDeploymentPostprocessing = 0;
		};
		C3EBDF9E186A5E3E003204F3 /* Sources */ = {
			isa = PBXSourcesBuildPhase;
			buildActionMask = 2147483647;
			files = (
				C3EBDFB0186A5E3E003204F3 /* PrinceMapTests.m in Sources */,
			);
			runOnlyForDeploymentPostprocessing = 0;
		};
/* End PBXSourcesBuildPhase section */

/* Begin PBXTargetDependency section */
		C3EBDFA8186A5E3E003204F3 /* PBXTargetDependency */ = {
			isa = PBXTargetDependency;
			target = C3EBDF80186A5E3E003204F3 /* PrinceMap */;
			targetProxy = C3EBDFA7186A5E3E003204F3 /* PBXContainerItemProxy */;
		};
/* End PBXTargetDependency section */

/* Begin PBXVariantGroup section */
		C3EBDF8D186A5E3E003204F3 /* InfoPlist.strings */ = {
			isa = PBXVariantGroup;
			children = (
				C3EBDF8E186A5E3E003204F3 /* en */,
			);
			name = InfoPlist.strings;
			sourceTree = "<group>";
		};
		C3EBDF96186A5E3E003204F3 /* Main.storyboard */ = {
			isa = PBXVariantGroup;
			children = (
				C3EBDF97186A5E3E003204F3 /* Base */,
			);
			name = Main.storyboard;
			sourceTree = "<group>";
		};
		C3EBDFAC186A5E3E003204F3 /* InfoPlist.strings */ = {
			isa = PBXVariantGroup;
			children = (
				C3EBDFAD186A5E3E003204F3 /* en */,
			);
			name = InfoPlist.strings;
			sourceTree = "<group>";
		};
/* End PBXVariantGroup section */

/* Begin XCBuildConfiguration section */
		C3EBDFB1186A5E3E003204F3 /* Debug */ = {
			isa = XCBuildConfiguration;
			buildSettings = {
				ALWAYS_SEARCH_USER_PATHS = NO;
				ARCHS = "$(ARCHS_STANDARD_INCLUDING_64_BIT)";
				CLANG_CXX_LANGUAGE_STANDARD = "gnu++0x";
				CLANG_CXX_LIBRARY = "libc++";
				CLANG_ENABLE_MODULES = YES;
				CLANG_ENABLE_OBJC_ARC = YES;
				CLANG_WARN_BOOL_CONVERSION = YES;
				CLANG_WARN_CONSTANT_CONVERSION = YES;
				CLANG_WARN_DIRECT_OBJC_ISA_USAGE = YES_ERROR;
				CLANG_WARN_EMPTY_BODY = YES;
				CLANG_WARN_ENUM_CONVERSION = YES;
				CLANG_WARN_INT_CONVERSION = YES;
				CLANG_WARN_OBJC_ROOT_CLASS = YES_ERROR;
				CLANG_WARN__DUPLICATE_METHOD_MATCH = YES;
				"CODE_SIGN_IDENTITY[sdk=iphoneos*]" = "iPhone Developer";
				COPY_PHASE_STRIP = NO;
				GCC_C_LANGUAGE_STANDARD = gnu99;
				GCC_DYNAMIC_NO_PIC = NO;
				GCC_OPTIMIZATION_LEVEL = 0;
				GCC_PREPROCESSOR_DEFINITIONS = (
					"DEBUG=1",
					"$(inherited)",
				);
				GCC_SYMBOLS_PRIVATE_EXTERN = NO;
				GCC_WARN_64_TO_32_BIT_CONVERSION = YES;
				GCC_WARN_ABOUT_RETURN_TYPE = YES_ERROR;
				GCC_WARN_UNDECLARED_SELECTOR = YES;
				GCC_WARN_UNINITIALIZED_AUTOS = YES;
				GCC_WARN_UNUSED_FUNCTION = YES;
				GCC_WARN_UNUSED_VARIABLE = YES;
				IPHONEOS_DEPLOYMENT_TARGET = 7.0;
				ONLY_ACTIVE_ARCH = YES;
				SDKROOT = iphoneos;
			};
			name = Debug;
		};
		C3EBDFB2186A5E3E003204F3 /* Release */ = {
			isa = XCBuildConfiguration;
			buildSettings = {
				ALWAYS_SEARCH_USER_PATHS = NO;
				ARCHS = "$(ARCHS_STANDARD_INCLUDING_64_BIT)";
				CLANG_CXX_LANGUAGE_STANDARD = "gnu++0x";
				CLANG_CXX_LIBRARY = "libc++";
				CLANG_ENABLE_MODULES = YES;
				CLANG_ENABLE_OBJC_ARC = YES;
				CLANG_WARN_BOOL_CONVERSION = YES;
				CLANG_WARN_CONSTANT_CONVERSION = YES;
				CLANG_WARN_DIRECT_OBJC_ISA_USAGE = YES_ERROR;
				CLANG_WARN_EMPTY_BODY = YES;
				CLANG_WARN_ENUM_CONVERSION = YES;
				CLANG_WARN_INT_CONVERSION = YES;
				CLANG_WARN_OBJC_ROOT_CLASS = YES_ERROR;
				CLANG_WARN__DUPLICATE_METHOD_MATCH = YES;
				"CODE_SIGN_IDENTITY[sdk=iphoneos*]" = "iPhone Developer";
				COPY_PHASE_STRIP = YES;
				ENABLE_NS_ASSERTIONS = NO;
				GCC_C_LANGUAGE_STANDARD = gnu99;
				GCC_WARN_64_TO_32_BIT_CONVERSION = YES;
				GCC_WARN_ABOUT_RETURN_TYPE = YES_ERROR;
				GCC_WARN_UNDECLARED_SELECTOR = YES;
				GCC_WARN_UNINITIALIZED_AUTOS = YES;
				GCC_WARN_UNUSED_FUNCTION = YES;
				GCC_WARN_UNUSED_VARIABLE = YES;
				IPHONEOS_DEPLOYMENT_TARGET = 7.0;
				SDKROOT = iphoneos;
				VALIDATE_PRODUCT = YES;
			};
			name = Release;
		};
		C3EBDFB4186A5E3E003204F3 /* Debug */ = {
			isa = XCBuildConfiguration;
			buildSettings = {
				ASSETCATALOG_COMPILER_APPICON_NAME = AppIcon;
				ASSETCATALOG_COMPILER_LAUNCHIMAGE_NAME = LaunchImage;
				GCC_PRECOMPILE_PREFIX_HEADER = YES;
				GCC_PREFIX_HEADER = "PrinceMap/PrinceMap-Prefix.pch";
				INFOPLIST_FILE = "PrinceMap/PrinceMap-Info.plist";
				PRODUCT_NAME = "$(TARGET_NAME)";
				WRAPPER_EXTENSION = app;
			};
			name = Debug;
		};
		C3EBDFB5186A5E3E003204F3 /* Release */ = {
			isa = XCBuildConfiguration;
			buildSettings = {
				ASSETCATALOG_COMPILER_APPICON_NAME = AppIcon;
				ASSETCATALOG_COMPILER_LAUNCHIMAGE_NAME = LaunchImage;
				GCC_PRECOMPILE_PREFIX_HEADER = YES;
				GCC_PREFIX_HEADER = "PrinceMap/PrinceMap-Prefix.pch";
				INFOPLIST_FILE = "PrinceMap/PrinceMap-Info.plist";
				PRODUCT_NAME = "$(TARGET_NAME)";
				WRAPPER_EXTENSION = app;
			};
			name = Release;
		};
		C3EBDFB7186A5E3E003204F3 /* Debug */ = {
			isa = XCBuildConfiguration;
			buildSettings = {
				ARCHS = "$(ARCHS_STANDARD_INCLUDING_64_BIT)";
				BUNDLE_LOADER = "$(BUILT_PRODUCTS_DIR)/PrinceMap.app/PrinceMap";
				FRAMEWORK_SEARCH_PATHS = (
					"$(SDKROOT)/Developer/Library/Frameworks",
					"$(inherited)",
					"$(DEVELOPER_FRAMEWORKS_DIR)",
				);
				GCC_PRECOMPILE_PREFIX_HEADER = YES;
				GCC_PREFIX_HEADER = "PrinceMap/PrinceMap-Prefix.pch";
				GCC_PREPROCESSOR_DEFINITIONS = (
					"DEBUG=1",
					"$(inherited)",
				);
				INFOPLIST_FILE = "PrinceMapTests/PrinceMapTests-Info.plist";
				PRODUCT_NAME = "$(TARGET_NAME)";
				TEST_HOST = "$(BUNDLE_LOADER)";
				WRAPPER_EXTENSION = xctest;
			};
			name = Debug;
		};
		C3EBDFB8186A5E3E003204F3 /* Release */ = {
			isa = XCBuildConfiguration;
			buildSettings = {
				ARCHS = "$(ARCHS_STANDARD_INCLUDING_64_BIT)";
				BUNDLE_LOADER = "$(BUILT_PRODUCTS_DIR)/PrinceMap.app/PrinceMap";
				FRAMEWORK_SEARCH_PATHS = (
					"$(SDKROOT)/Developer/Library/Frameworks",
					"$(inherited)",
					"$(DEVELOPER_FRAMEWORKS_DIR)",
				);
				GCC_PRECOMPILE_PREFIX_HEADER = YES;
				GCC_PREFIX_HEADER = "PrinceMap/PrinceMap-Prefix.pch";
				INFOPLIST_FILE = "PrinceMapTests/PrinceMapTests-Info.plist";
				PRODUCT_NAME = "$(TARGET_NAME)";
				TEST_HOST = "$(BUNDLE_LOADER)";
				WRAPPER_EXTENSION = xctest;
			};
			name = Release;
		};
/* End XCBuildConfiguration section */

/* Begin XCConfigurationList section */
		C3EBDF7C186A5E3E003204F3 /* Build configuration list for PBXProject "PrinceMap" */ = {
			isa = XCConfigurationList;
			buildConfigurations = (
				C3EBDFB1186A5E3E003204F3 /* Debug */,
				C3EBDFB2186A5E3E003204F3 /* Release */,
			);
			defaultConfigurationIsVisible = 0;
			defaultConfigurationName = Release;
		};
		C3EBDFB3186A5E3E003204F3 /* Build configuration list for PBXNativeTarget "PrinceMap" */ = {
			isa = XCConfigurationList;
			buildConfigurations = (
				C3EBDFB4186A5E3E003204F3 /* Debug */,
				C3EBDFB5186A5E3E003204F3 /* Release */,
			);
			defaultConfigurationIsVisible = 0;
		};
		C3EBDFB6186A5E3E003204F3 /* Build configuration list for PBXNativeTarget "PrinceMapTests" */ = {
			isa = XCConfigurationList;
			buildConfigurations = (
				C3EBDFB7186A5E3E003204F3 /* Debug */,
				C3EBDFB8186A5E3E003204F3 /* Release */,
			);
			defaultConfigurationIsVisible = 0;
		};
/* End XCConfigurationList section */
	};
	rootObject = C3EBDF79186A5E3E003204F3 /* Project object */;
}
